<?xml version="1.0" encoding="utf-8"?>
<Project ToolsVersion="4.0" xmlns="http://schemas.microsoft.com/developer/msbuild/2003">
  <ItemGroup>
    <Filter Include="Quelldateien">
      <UniqueIdentifier>{4FC737F1-C7A5-4376-A066-2A32D752A2FF}</UniqueIdentifier>
      <Extensions>cpp;c;cc;cxx;def;odl;idl;hpj;bat;asm;asmx</Extensions>
    </Filter>
    <Filter Include="Headerdateien">
      <UniqueIdentifier>{93995380-89BD-4b04-88EB-625FBE52EBFB}</UniqueIdentifier>
      <Extensions>h;hpp;hxx;hm;inl;inc;xsd</Extensions>
    </Filter>
    <Filter Include="Ressourcendateien">
      <UniqueIdentifier>{67DA6AB6-F800-4c08-8B7A-83BB121AAD01}</UniqueIdentifier>
      <Extensions>rc;ico;cur;bmp;dlg;rc2;rct;bin;rgs;gif;jpg;jpeg;jpe;resx;tiff;tif;png;wav;mfcribbon-ms</Extensions>
    </Filter>
  </ItemGroup>
  <ItemGroup>
    <None Include="ReadMe.txt" />
    <None Include="app.ico">
      <Filter>Ressourcendateien</Filter>
    </None>
    <None Include="..\..\..\..\db gfx\cog.ico">
      <Filter>Ressourcendateien</Filter>
    </None>
    <None Include="cog.ico">
      <Filter>Ressourcendateien</Filter>
    </None>
  </ItemGroup>
  <ItemGroup>
    <ClCompile Include="Datenbank.cpp">
      <Filter>Quelldateien</Filter>
    </ClCompile>
    <ClCompile Include="AssemblyInfo.cpp">
      <Filter>Quelldateien</Filter>
    </ClCompile>
    <ClCompile Include="stdafx.cpp">
      <Filter>Quelldateien</Filter>
    </ClCompile>
    <ClCompile Include="MyRecordSet.cpp">
      <Filter>Quelldateien</Filter>
    </ClCompile>
    <ClCompile Include="Set_DB_path.cpp">
      <Filter>Quelldateien</Filter>
    </ClCompile>
    <ClCompile Include="MyInsertStatement.cpp">
      <Filter>Quelldateien</Filter>
    </ClCompile>
    <ClCompile Include="admin.cpp">
      <Filter>Quelldateien</Filter>
    </ClCompile>
    <ClCompile Include="project_form.cpp">
      <Filter>Quelldateien</Filter>
    </ClCompile>
    <ClCompile Include="bewilligung_form.cpp">
      <Filter>Quelldateien</Filter>
    </ClCompile>
    <ClCompile Include="fremdfoerdermittel_form.cpp">
      <Filter>Quelldateien</Filter>
    </ClCompile>
    <ClCompile Include="verwendungsnachweis_form.cpp">
      <Filter>Quelldateien</Filter>
    </ClCompile>
    <ClCompile Include="project_class.cpp">
      <Filter>Quelldateien</Filter>
    </ClCompile>
    <ClCompile Include="programm.cpp">
      <Filter>Quelldateien</Filter>
    </ClCompile>
    <ClCompile Include="bewilligung_class.cpp">
      <Filter>Quelldateien</Filter>
    </ClCompile>
    <ClCompile Include="fremdfoerderung_class.cpp">
      <Filter>Quelldateien</Filter>
    </ClCompile>
    <ClCompile Include="open_project_form.cpp">
      <Filter>Quelldateien</Filter>
    </ClCompile>
    <ClCompile Include="adresse.cpp">
      <Filter>Quelldateien</Filter>
    </ClCompile>
    <ClCompile Include="bewilligung_auswertung_form.cpp">
      <Filter>Quelldateien</Filter>
    </ClCompile>
    <ClCompile Include="bewilligung_result_form.cpp">
      <Filter>Quelldateien</Filter>
    </ClCompile>
    <ClCompile Include="auswertung_uebersicht.cpp">
      <Filter>Quelldateien</Filter>
    </ClCompile>
    <ClCompile Include="kostengr_uebersicht_search.cpp">
      <Filter>Quelldateien</Filter>
    </ClCompile>
    <ClCompile Include="kostengr_uebersicht_result.cpp">
      <Filter>Quelldateien</Filter>
    </ClCompile>
    <ClCompile Include="gesamt_uebersicht_search.cpp">
      <Filter>Quelldateien</Filter>
    </ClCompile>
    <ClCompile Include="gesamt_uebersicht_result.cpp">
      <Filter>Quelldateien</Filter>
    </ClCompile>
    <ClCompile Include="My_Connection.cpp">
      <Filter>Quelldateien</Filter>
    </ClCompile>
    <ClCompile Include="MyResult.cpp">
      <Filter>Quelldateien</Filter>
    </ClCompile>
    <ClCompile Include="adress_uebersicht_search.cpp">
      <Filter>Quelldateien</Filter>
    </ClCompile>
    <ClCompile Include="adress_uebersicht_result.cpp">
      <Filter>Quelldateien</Filter>
    </ClCompile>
    <ClCompile Include="adress_plankosten.cpp">
      <Filter>Quelldateien</Filter>
    </ClCompile>
    <ClCompile Include="choose_printer.cpp">
      <Filter>Quelldateien</Filter>
    </ClCompile>
    <ClCompile Include="test.cpp">
      <Filter>Quelldateien</Filter>
    </ClCompile>
    <ClCompile Include="helper.cpp">
      <Filter>Quelldateien</Filter>
    </ClCompile>
    <ClCompile Include="bew_ztr_search.cpp">
      <Filter>Quelldateien</Filter>
    </ClCompile>
    <ClCompile Include="bew_ztr_result.cpp">
      <Filter>Quelldateien</Filter>
    </ClCompile>
    <ClCompile Include="login.cpp">
      <Filter>Quelldateien</Filter>
    </ClCompile>
    <ClCompile Include="optionen.cpp">
      <Filter>Quelldateien</Filter>
    </ClCompile>
    <ClCompile Include="jahreszuteilung.cpp">
      <Filter>Quelldateien</Filter>
    </ClCompile>
    <ClCompile Include="ExcelExport.cpp">
      <Filter>Quelldateien</Filter>
    </ClCompile>
  </ItemGroup>
  <ItemGroup>
    <ClInclude Include="stdafx.h">
      <Filter>Headerdateien</Filter>
    </ClInclude>
    <ClInclude Include="resource.h">
      <Filter>Headerdateien</Filter>
    </ClInclude>
    <ClInclude Include="Menue.h">
      <Filter>Headerdateien</Filter>
    </ClInclude>
    <ClInclude Include="MyRecordSet.h">
      <Filter>Headerdateien</Filter>
    </ClInclude>
    <ClInclude Include="Set_DB_path.h">
      <Filter>Headerdateien</Filter>
    </ClInclude>
    <ClInclude Include="MyInsertStatement.h">
      <Filter>Headerdateien</Filter>
    </ClInclude>
    <ClInclude Include="admin.h">
      <Filter>Headerdateien</Filter>
    </ClInclude>
    <ClInclude Include="project_form.h">
      <Filter>Headerdateien</Filter>
    </ClInclude>
    <ClInclude Include="bewilligung_form.h">
      <Filter>Headerdateien</Filter>
    </ClInclude>
    <ClInclude Include="fremdfoerdermittel_form.h">
      <Filter>Headerdateien</Filter>
    </ClInclude>
    <ClInclude Include="verwendungsnachweis_form.h">
      <Filter>Headerdateien</Filter>
    </ClInclude>
    <ClInclude Include="project_class.h">
      <Filter>Headerdateien</Filter>
    </ClInclude>
    <ClInclude Include="programm.h">
      <Filter>Headerdateien</Filter>
    </ClInclude>
    <ClInclude Include="bewilligung_class.h">
      <Filter>Headerdateien</Filter>
    </ClInclude>
    <ClInclude Include="fremdfoerderung_class.h">
      <Filter>Headerdateien</Filter>
    </ClInclude>
    <ClInclude Include="open_project_form.h">
      <Filter>Headerdateien</Filter>
    </ClInclude>
    <ClInclude Include="adresse.h">
      <Filter>Headerdateien</Filter>
    </ClInclude>
    <ClInclude Include="bewilligung_auswertung_form.h">
      <Filter>Headerdateien</Filter>
    </ClInclude>
    <ClInclude Include="bewilligung_result_form.h">
      <Filter>Headerdateien</Filter>
    </ClInclude>
    <ClInclude Include="auswertung_uebersicht.h">
      <Filter>Headerdateien</Filter>
    </ClInclude>
    <ClInclude Include="kostengr_uebersicht_search.h">
      <Filter>Headerdateien</Filter>
    </ClInclude>
    <ClInclude Include="kostengr_uebersicht_result.h">
      <Filter>Headerdateien</Filter>
    </ClInclude>
    <ClInclude Include="gesamt_uebersicht_search.h">
      <Filter>Headerdateien</Filter>
    </ClInclude>
    <ClInclude Include="gesamt_uebersicht_result.h">
      <Filter>Headerdateien</Filter>
    </ClInclude>
    <ClInclude Include="My_Connection.h">
      <Filter>Headerdateien</Filter>
    </ClInclude>
    <ClInclude Include="MyResult.h">
      <Filter>Headerdateien</Filter>
    </ClInclude>
    <ClInclude Include="adress_uebersicht_search.h">
      <Filter>Headerdateien</Filter>
    </ClInclude>
    <ClInclude Include="adress_uebersicht_result.h">
      <Filter>Headerdateien</Filter>
    </ClInclude>
    <ClInclude Include="adress_plankosten.h">
      <Filter>Headerdateien</Filter>
    </ClInclude>
    <ClInclude Include="choose_printer.h">
      <Filter>Headerdateien</Filter>
    </ClInclude>
    <ClInclude Include="test.h">
      <Filter>Headerdateien</Filter>
    </ClInclude>
    <ClInclude Include="helper.h">
      <Filter>Headerdateien</Filter>
    </ClInclude>
    <ClInclude Include="bew_ztr_search.h">
      <Filter>Headerdateien</Filter>
    </ClInclude>
    <ClInclude Include="bew_ztr_result.h">
      <Filter>Headerdateien</Filter>
    </ClInclude>
    <ClInclude Include="login.h">
      <Filter>Headerdateien</Filter>
    </ClInclude>
    <ClInclude Include="optionen.h">
      <Filter>Headerdateien</Filter>
    </ClInclude>
    <ClInclude Include="jahreszuteilung.h">
      <Filter>Headerdateien</Filter>
    </ClInclude>
    <ClInclude Include="ExcelExport.h">
      <Filter>Headerdateien</Filter>
    </ClInclude>
  </ItemGroup>
  <ItemGroup>
    <ResourceCompile Include="app.rc">
      <Filter>Ressourcendateien</Filter>
    </ResourceCompile>
  </ItemGroup>
  <ItemGroup>
    <EmbeddedResource Include="Menue.resX">
      <Filter>Ressourcendateien</Filter>
    </EmbeddedResource>
    <EmbeddedResource Include="Set_DB_path.resx">
      <Filter>Ressourcendateien</Filter>
    </EmbeddedResource>
    <EmbeddedResource Include="admin.resx">
      <Filter>Ressourcendateien</Filter>
    </EmbeddedResource>
    <EmbeddedResource Include="bewilligung_form.resx">
      <Filter>Ressourcendateien</Filter>
    </EmbeddedResource>
    <EmbeddedResource Include="project_form.resx">
      <Filter>Ressourcendateien</Filter>
    </EmbeddedResource>
    <EmbeddedResource Include="fremdfoerdermittel_form.resx">
      <Filter>Ressourcendateien</Filter>
    </EmbeddedResource>
    <EmbeddedResource Include="verwendungsnachweis_form.resx">
      <Filter>Ressourcendateien</Filter>
    </EmbeddedResource>
    <EmbeddedResource Include="Form1.resX">
      <Filter>Ressourcendateien</Filter>
    </EmbeddedResource>
    <EmbeddedResource Include="open_project_form.resx">
      <Filter>Ressourcendateien</Filter>
    </EmbeddedResource>
    <EmbeddedResource Include="bewilligung_auswertung_form.resx">
      <Filter>Ressourcendateien</Filter>
    </EmbeddedResource>
    <EmbeddedResource Include="bewilligung_result_form.resx">
      <Filter>Ressourcendateien</Filter>
    </EmbeddedResource>
    <EmbeddedResource Include="auswertung_uebersicht.resx">
      <Filter>Ressourcendateien</Filter>
    </EmbeddedResource>
    <EmbeddedResource Include="gesamt_uebersicht_result.resx">
      <Filter>Ressourcendateien</Filter>
    </EmbeddedResource>
    <EmbeddedResource Include="gesamt_uebersicht_search.resx">
      <Filter>Ressourcendateien</Filter>
    </EmbeddedResource>
    <EmbeddedResource Include="kostengr_uebersicht_result.resx">
      <Filter>Ressourcendateien</Filter>
    </EmbeddedResource>
    <EmbeddedResource Include="kostengr_uebersicht_search.resx">
      <Filter>Ressourcendateien</Filter>
    </EmbeddedResource>
    <EmbeddedResource Include="adress_uebersicht_result.resx">
      <Filter>Ressourcendateien</Filter>
    </EmbeddedResource>
    <EmbeddedResource Include="adress_uebersicht_search.resx">
      <Filter>Ressourcendateien</Filter>
    </EmbeddedResource>
    <EmbeddedResource Include="adress_plankosten.resx">
      <Filter>Ressourcendateien</Filter>
    </EmbeddedResource>
    <EmbeddedResource Include="choose_printer.resx">
      <Filter>Ressourcendateien</Filter>
    </EmbeddedResource>
    <EmbeddedResource Include="test.resx">
      <Filter>Ressourcendateien</Filter>
    </EmbeddedResource>
    <EmbeddedResource Include="bew_ztr_result.resx">
      <Filter>Ressourcendateien</Filter>
    </EmbeddedResource>
    <EmbeddedResource Include="bew_ztr_search.resx">
      <Filter>Ressourcendateien</Filter>
    </EmbeddedResource>
    <EmbeddedResource Include="jahreszuteilung.resx">
      <Filter>Ressourcendateien</Filter>
    </EmbeddedResource>
    <EmbeddedResource Include="login.resx">
      <Filter>Ressourcendateien</Filter>
    </EmbeddedResource>
    <EmbeddedResource Include="optionen.resx">
      <Filter>Ressourcendateien</Filter>
    </EmbeddedResource>
  </ItemGroup>
</Project>